
Microsoft Visual Studio Solution File, Format Version 12.00
# Visual Studio Version 16
VisualStudioVersion = 16.0.28803.156
MinimumVisualStudioVersion = 10.0.40219.1
Project("{9A19103F-16F7-4668-BE54-9A1E7A4F7556}") = "MHWAppearanceEditor", "src\MHWAppearanceEditor\MHWAppearanceEditor.csproj", "{13808DC2-D002-4299-BD10-80BD5DFC2EB0}"
EndProject
Project("{9A19103F-16F7-4668-BE54-9A1E7A4F7556}") = "Cirilla.Core", "..\Cirilla\src\Cirilla.Core\Cirilla.Core.csproj", "{5561566E-7950-41B2-982C-B293C5C85B46}"
EndProject
Project("{9A19103F-16F7-4668-BE54-9A1E7A4F7556}") = "_build", "build\_build.csproj", "{BC8B11FE-5728-4E1F-94EF-D3C58E2E539E}"
EndProject
Project("{FAE04EC0-301F-11D3-BF4B-00C04F79EFBC}") = "Odogaron", "src\Odogaron\Odogaron.csproj", "{28D04CB8-AEDB-4631-BA13-C11DF00A4358}"
EndProject
Global
	GlobalSection(SolutionConfigurationPlatforms) = preSolution
		Debug|Any CPU = Debug|Any CPU
		Release|Any CPU = Release|Any CPU
	EndGlobalSection
	GlobalSection(ProjectConfigurationPlatforms) = postSolution
		{13808DC2-D002-4299-BD10-80BD5DFC2EB0}.Debug|Any CPU.ActiveCfg = Debug|Any CPU
		{13808DC2-D002-4299-BD10-80BD5DFC2EB0}.Debug|Any CPU.Build.0 = Debug|Any CPU
		{13808DC2-D002-4299-BD10-80BD5DFC2EB0}.Release|Any CPU.ActiveCfg = Release|Any CPU
		{13808DC2-D002-4299-BD10-80BD5DFC2EB0}.Release|Any CPU.Build.0 = Release|Any CPU
		{5561566E-7950-41B2-982C-B293C5C85B46}.Debug|Any CPU.ActiveCfg = Debug|Any CPU
		{5561566E-7950-41B2-982C-B293C5C85B46}.Debug|Any CPU.Build.0 = Debug|Any CPU
		{5561566E-7950-41B2-982C-B293C5C85B46}.Release|Any CPU.ActiveCfg = Release|Any CPU
		{5561566E-7950-41B2-982C-B293C5C85B46}.Release|Any CPU.Build.0 = Release|Any CPU
		{BC8B11FE-5728-4E1F-94EF-D3C58E2E539E}.Debug|Any CPU.ActiveCfg = Debug|Any CPU
		{BC8B11FE-5728-4E1F-94EF-D3C58E2E539E}.Release|Any CPU.ActiveCfg = Release|Any CPU
		{28D04CB8-AEDB-4631-BA13-C11DF00A4358}.Debug|Any CPU.ActiveCfg = Debug|Any CPU
		{28D04CB8-AEDB-4631-BA13-C11DF00A4358}.Debug|Any CPU.Build.0 = Debug|Any CPU
		{28D04CB8-AEDB-4631-BA13-C11DF00A4358}.Release|Any CPU.ActiveCfg = Release|Any CPU
		{28D04CB8-AEDB-4631-BA13-C11DF00A4358}.Release|Any CPU.Build.0 = Release|Any CPU
	EndGlobalSection
	GlobalSection(SolutionProperties) = preSolution
		HideSolutionNode = FALSE
	EndGlobalSection
	GlobalSection(ExtensibilityGlobals) = postSolution
		SolutionGuid = {ED308006-0667-48AB-A58B-39AC9154E490}
	EndGlobalSection
EndGlobal
